
Microsoft Visual Studio Solution File, Format Version 12.00
# Visual Studio 15
Project("{FAE04EC0-301F-11D3-BF4B-00C04F79EFBC}") = "UnityEngine.TestRunner", "UnityEngine.TestRunner.csproj", "{52EB6FFA-9B1C-2829-F991-75ED388B4498}"
EndProject
Project("{FAE04EC0-301F-11D3-BF4B-00C04F79EFBC}") = "Unity.Mathematics", "Unity.Mathematics.csproj", "{F8D2D898-4021-6073-C690-B927618438D4}"
EndProject
Project("{FAE04EC0-301F-11D3-BF4B-00C04F79EFBC}") = "Unity.2D.Animation.Triangle.Runtime", "Unity.2D.Animation.Triangle.Runtime.csproj", "{E0704799-04FF-3AC9-B7B8-255432D89F84}"
EndProject
Project("{FAE04EC0-301F-11D3-BF4B-00C04F79EFBC}") = "Unity.Timeline", "Unity.Timeline.csproj", "{ED4CE729-CE29-08A6-893B-B3123D8A1E74}"
EndProject
Project("{FAE04EC0-301F-11D3-BF4B-00C04F79EFBC}") = "UnityEngine.UI", "UnityEngine.UI.csproj", "{771C8D28-6853-E2C5-27EC-8B6B67BCBDF2}"
EndProject
Project("{FAE04EC0-301F-11D3-BF4B-00C04F79EFBC}") = "Cinemachine", "Cinemachine.csproj", "{41BE28A3-E649-C6A4-4BA8-AC6D6079F8E5}"
EndProject
Project("{FAE04EC0-301F-11D3-BF4B-00C04F79EFBC}") = "Unity.TextMeshPro", "Unity.TextMeshPro.csproj", "{08AC2740-B519-B632-090E-26A36D3AA0C5}"
EndProject
Project("{FAE04EC0-301F-11D3-BF4B-00C04F79EFBC}") = "Assembly-CSharp", "Assembly-CSharp.csproj", "{ACF4BA0D-3E37-C2AE-6EF1-9AA411F79CD9}"
EndProject
Project("{FAE04EC0-301F-11D3-BF4B-00C04F79EFBC}") = "Unity.2D.Animation.Runtime", "Unity.2D.Animation.Runtime.csproj", "{928D4F39-C7DC-83EB-8914-4F1800AA31A0}"
EndProject
Project("{FAE04EC0-301F-11D3-BF4B-00C04F79EFBC}") = "Unity.2D.IK.Runtime", "Unity.2D.IK.Runtime.csproj", "{A6B20EA9-A6A8-4846-4F6D-FA1741002112}"
EndProject
Project("{FAE04EC0-301F-11D3-BF4B-00C04F79EFBC}") = "Unity.2D.Tilemap.Extras", "Unity.2D.Tilemap.Extras.csproj", "{AFA08BA4-1EB9-DB28-22A0-958A3B61BE73}"
EndProject
Project("{FAE04EC0-301F-11D3-BF4B-00C04F79EFBC}") = "Unity.2D.SpriteShape.Runtime", "Unity.2D.SpriteShape.Runtime.csproj", "{BD569579-6AEE-4197-408B-C34714E335EC}"
EndProject
Project("{FAE04EC0-301F-11D3-BF4B-00C04F79EFBC}") = "Unity.2D.PixelPerfect", "Unity.2D.PixelPerfect.csproj", "{CF5D11FE-8754-5CA1-8866-84B3D0C9F440}"
EndProject
Project("{FAE04EC0-301F-11D3-BF4B-00C04F79EFBC}") = "Unity.2D.Common.Runtime", "Unity.2D.Common.Runtime.csproj", "{639DE6AB-AA53-AD33-4F4B-75E68076D331}"
EndProject
Project("{FAE04EC0-301F-11D3-BF4B-00C04F79EFBC}") = "Unity.InternalAPIEngineBridge.001", "Unity.InternalAPIEngineBridge.001.csproj", "{3A22AAFC-D314-68AF-CF4E-77756B6416B4}"
EndProject
Project("{FAE04EC0-301F-11D3-BF4B-00C04F79EFBC}") = "NavMeshPlus", "NavMeshPlus.csproj", "{40878B47-5C20-E4E5-726F-1677688BB29D}"
EndProject
Project("{FAE04EC0-301F-11D3-BF4B-00C04F79EFBC}") = "UnityEditor.TestRunner", "UnityEditor.TestRunner.csproj", "{D86521F1-6840-33E4-40DB-29819F943782}"
EndProject
Project("{FAE04EC0-301F-11D3-BF4B-00C04F79EFBC}") = "Unity.PlasticSCM.Editor", "Unity.PlasticSCM.Editor.csproj", "{8EB00872-835F-DEB0-430B-1395232EDFE3}"
EndProject
Project("{FAE04EC0-301F-11D3-BF4B-00C04F79EFBC}") = "UnityEditor.UI", "UnityEditor.UI.csproj", "{3765A81F-8D7F-B3E3-F028-938B31D9F96D}"
EndProject
Project("{FAE04EC0-301F-11D3-BF4B-00C04F79EFBC}") = "Unity.Timeline.Editor", "Unity.Timeline.Editor.csproj", "{CC34A88E-1301-942F-6779-435FF26FAA2C}"
EndProject
Project("{FAE04EC0-301F-11D3-BF4B-00C04F79EFBC}") = "Unity.VisualStudio.Editor", "Unity.VisualStudio.Editor.csproj", "{0DB7A0CE-ACB6-DEDE-CDB6-28C47BD321B3}"
EndProject
Project("{FAE04EC0-301F-11D3-BF4B-00C04F79EFBC}") = "com.unity.cinemachine.editor", "com.unity.cinemachine.editor.csproj", "{C6ACA21C-BA2C-E4EB-5576-98477033CC8D}"
EndProject
Project("{FAE04EC0-301F-11D3-BF4B-00C04F79EFBC}") = "Unity.2D.Psdimporter.Editor", "Unity.2D.Psdimporter.Editor.csproj", "{BD5D493F-50A8-1034-0FE2-0C71AC745EB5}"
EndProject
Project("{FAE04EC0-301F-11D3-BF4B-00C04F79EFBC}") = "Unity.2D.Animation.Editor", "Unity.2D.Animation.Editor.csproj", "{87ECDF48-028A-A38F-151C-E8FB351D91E6}"
EndProject
Project("{FAE04EC0-301F-11D3-BF4B-00C04F79EFBC}") = "Unity.TextMeshPro.Editor", "Unity.TextMeshPro.Editor.csproj", "{D553B99F-B063-9745-318E-091151F01CFB}"
EndProject
Project("{FAE04EC0-301F-11D3-BF4B-00C04F79EFBC}") = "Unity.2D.SpriteShape.Editor", "Unity.2D.SpriteShape.Editor.csproj", "{26C26C6E-645E-31BC-4BC5-44D065C9A566}"
EndProject
Project("{FAE04EC0-301F-11D3-BF4B-00C04F79EFBC}") = "Unity.CollabProxy.Editor", "Unity.CollabProxy.Editor.csproj", "{3682EC0D-28B5-BDB1-7539-20B80EE5211D}"
EndProject
Project("{FAE04EC0-301F-11D3-BF4B-00C04F79EFBC}") = "PsdPlugin", "PsdPlugin.csproj", "{08745D3B-050F-F8CC-D9AA-76111DA6C047}"
EndProject
Project("{FAE04EC0-301F-11D3-BF4B-00C04F79EFBC}") = "Unity.2D.Path.Editor", "Unity.2D.Path.Editor.csproj", "{900FC231-C9BD-ADA6-4EC9-25BE1C02F0AA}"
EndProject
Project("{FAE04EC0-301F-11D3-BF4B-00C04F79EFBC}") = "Unity.Rider.Editor", "Unity.Rider.Editor.csproj", "{726983BF-5CCD-27ED-346E-ADAF146A8915}"
EndProject
Project("{FAE04EC0-301F-11D3-BF4B-00C04F79EFBC}") = "Unity.2D.IK.Editor", "Unity.2D.IK.Editor.csproj", "{2E4BCE95-9EB6-3B5D-54EE-402390F2BB4E}"
EndProject
Project("{FAE04EC0-301F-11D3-BF4B-00C04F79EFBC}") = "Unity.2D.Sprite.Editor", "Unity.2D.Sprite.Editor.csproj", "{BFE9872E-A490-0A36-75DA-DB5A7D61047C}"
EndProject
Project("{FAE04EC0-301F-11D3-BF4B-00C04F79EFBC}") = "Unity.2D.Tilemap.Editor", "Unity.2D.Tilemap.Editor.csproj", "{A06AC395-5633-13C6-9D7B-66CF6E49391B}"
EndProject
Project("{FAE04EC0-301F-11D3-BF4B-00C04F79EFBC}") = "Unity.2D.Tilemap.Extras.Editor", "Unity.2D.Tilemap.Extras.Editor.csproj", "{75154EEC-EDFD-BC8D-4096-343124D2F71E}"
EndProject
Project("{FAE04EC0-301F-11D3-BF4B-00C04F79EFBC}") = "Unity.2D.PixelPerfect.Editor", "Unity.2D.PixelPerfect.Editor.csproj", "{D271D8B7-BFDB-9082-B447-E49FA6BC3C49}"
EndProject
Project("{FAE04EC0-301F-11D3-BF4B-00C04F79EFBC}") = "Unity.VSCode.Editor", "Unity.VSCode.Editor.csproj", "{C21E6B3C-786F-8045-EF63-50801AE0B74B}"
EndProject
Project("{FAE04EC0-301F-11D3-BF4B-00C04F79EFBC}") = "Unity.2D.Common.Editor", "Unity.2D.Common.Editor.csproj", "{A1BD2DE6-1176-A6B0-3AD6-69E9A22C23D2}"
EndProject
Project("{FAE04EC0-301F-11D3-BF4B-00C04F79EFBC}") = "Unity.Mathematics.Editor", "Unity.Mathematics.Editor.csproj", "{AF2BE116-5434-BB37-8CBC-1C646263B486}"
EndProject
Project("{FAE04EC0-301F-11D3-BF4B-00C04F79EFBC}") = "Unity.InternalAPIEditorBridge.001", "Unity.InternalAPIEditorBridge.001.csproj", "{F1D46D90-682F-988A-DD32-A4A176D0E1A9}"
EndProject
Project("{FAE04EC0-301F-11D3-BF4B-00C04F79EFBC}") = "Assembly-CSharp-Editor", "Assembly-CSharp-Editor.csproj", "{78BA59B0-2FCE-CB88-B3D0-B9F1EBFB8356}"
EndProject
Project("{FAE04EC0-301F-11D3-BF4B-00C04F79EFBC}") = "NavMeshPlusEditor", "NavMeshPlusEditor.csproj", "{C1729485-7157-0BC1-4569-0A0647AD0F90}"
EndProject
Global
	GlobalSection(SolutionConfigurationPlatforms) = preSolution
		Debug|Any CPU = Debug|Any CPU
		Release|Any CPU = Release|Any CPU
	EndGlobalSection
	GlobalSection(ProjectConfigurationPlatforms) = postSolution
		{52EB6FFA-9B1C-2829-F991-75ED388B4498}.Debug|Any CPU.ActiveCfg = Debug|Any CPU
		{52EB6FFA-9B1C-2829-F991-75ED388B4498}.Debug|Any CPU.Build.0 = Debug|Any CPU
		{52EB6FFA-9B1C-2829-F991-75ED388B4498}.Release|Any CPU.ActiveCfg = Release|Any CPU
		{52EB6FFA-9B1C-2829-F991-75ED388B4498}.Release|Any CPU.Build.0 = Release|Any CPU
		{F8D2D898-4021-6073-C690-B927618438D4}.Debug|Any CPU.ActiveCfg = Debug|Any CPU
		{F8D2D898-4021-6073-C690-B927618438D4}.Debug|Any CPU.Build.0 = Debug|Any CPU
		{F8D2D898-4021-6073-C690-B927618438D4}.Release|Any CPU.ActiveCfg = Release|Any CPU
		{F8D2D898-4021-6073-C690-B927618438D4}.Release|Any CPU.Build.0 = Release|Any CPU
		{E0704799-04FF-3AC9-B7B8-255432D89F84}.Debug|Any CPU.ActiveCfg = Debug|Any CPU
		{E0704799-04FF-3AC9-B7B8-255432D89F84}.Debug|Any CPU.Build.0 = Debug|Any CPU
		{E0704799-04FF-3AC9-B7B8-255432D89F84}.Release|Any CPU.ActiveCfg = Release|Any CPU
		{E0704799-04FF-3AC9-B7B8-255432D89F84}.Release|Any CPU.Build.0 = Release|Any CPU
		{ED4CE729-CE29-08A6-893B-B3123D8A1E74}.Debug|Any CPU.ActiveCfg = Debug|Any CPU
		{ED4CE729-CE29-08A6-893B-B3123D8A1E74}.Debug|Any CPU.Build.0 = Debug|Any CPU
		{ED4CE729-CE29-08A6-893B-B3123D8A1E74}.Release|Any CPU.ActiveCfg = Release|Any CPU
		{ED4CE729-CE29-08A6-893B-B3123D8A1E74}.Release|Any CPU.Build.0 = Release|Any CPU
		{771C8D28-6853-E2C5-27EC-8B6B67BCBDF2}.Debug|Any CPU.ActiveCfg = Debug|Any CPU
		{771C8D28-6853-E2C5-27EC-8B6B67BCBDF2}.Debug|Any CPU.Build.0 = Debug|Any CPU
		{771C8D28-6853-E2C5-27EC-8B6B67BCBDF2}.Release|Any CPU.ActiveCfg = Release|Any CPU
		{771C8D28-6853-E2C5-27EC-8B6B67BCBDF2}.Release|Any CPU.Build.0 = Release|Any CPU
		{41BE28A3-E649-C6A4-4BA8-AC6D6079F8E5}.Debug|Any CPU.ActiveCfg = Debug|Any CPU
		{41BE28A3-E649-C6A4-4BA8-AC6D6079F8E5}.Debug|Any CPU.Build.0 = Debug|Any CPU
		{41BE28A3-E649-C6A4-4BA8-AC6D6079F8E5}.Release|Any CPU.ActiveCfg = Release|Any CPU
		{41BE28A3-E649-C6A4-4BA8-AC6D6079F8E5}.Release|Any CPU.Build.0 = Release|Any CPU
		{08AC2740-B519-B632-090E-26A36D3AA0C5}.Debug|Any CPU.ActiveCfg = Debug|Any CPU
		{08AC2740-B519-B632-090E-26A36D3AA0C5}.Debug|Any CPU.Build.0 = Debug|Any CPU
		{08AC2740-B519-B632-090E-26A36D3AA0C5}.Release|Any CPU.ActiveCfg = Release|Any CPU
		{08AC2740-B519-B632-090E-26A36D3AA0C5}.Release|Any CPU.Build.0 = Release|Any CPU
		{ACF4BA0D-3E37-C2AE-6EF1-9AA411F79CD9}.Debug|Any CPU.ActiveCfg = Debug|Any CPU
		{ACF4BA0D-3E37-C2AE-6EF1-9AA411F79CD9}.Debug|Any CPU.Build.0 = Debug|Any CPU
		{ACF4BA0D-3E37-C2AE-6EF1-9AA411F79CD9}.Release|Any CPU.ActiveCfg = Release|Any CPU
		{ACF4BA0D-3E37-C2AE-6EF1-9AA411F79CD9}.Release|Any CPU.Build.0 = Release|Any CPU
		{928D4F39-C7DC-83EB-8914-4F1800AA31A0}.Debug|Any CPU.ActiveCfg = Debug|Any CPU
		{928D4F39-C7DC-83EB-8914-4F1800AA31A0}.Debug|Any CPU.Build.0 = Debug|Any CPU
		{928D4F39-C7DC-83EB-8914-4F1800AA31A0}.Release|Any CPU.ActiveCfg = Release|Any CPU
		{928D4F39-C7DC-83EB-8914-4F1800AA31A0}.Release|Any CPU.Build.0 = Release|Any CPU
		{A6B20EA9-A6A8-4846-4F6D-FA1741002112}.Debug|Any CPU.ActiveCfg = Debug|Any CPU
		{A6B20EA9-A6A8-4846-4F6D-FA1741002112}.Debug|Any CPU.Build.0 = Debug|Any CPU
		{A6B20EA9-A6A8-4846-4F6D-FA1741002112}.Release|Any CPU.ActiveCfg = Release|Any CPU
		{A6B20EA9-A6A8-4846-4F6D-FA1741002112}.Release|Any CPU.Build.0 = Release|Any CPU
		{AFA08BA4-1EB9-DB28-22A0-958A3B61BE73}.Debug|Any CPU.ActiveCfg = Debug|Any CPU
		{AFA08BA4-1EB9-DB28-22A0-958A3B61BE73}.Debug|Any CPU.Build.0 = Debug|Any CPU
		{AFA08BA4-1EB9-DB28-22A0-958A3B61BE73}.Release|Any CPU.ActiveCfg = Release|Any CPU
		{AFA08BA4-1EB9-DB28-22A0-958A3B61BE73}.Release|Any CPU.Build.0 = Release|Any CPU
		{BD569579-6AEE-4197-408B-C34714E335EC}.Debug|Any CPU.ActiveCfg = Debug|Any CPU
		{BD569579-6AEE-4197-408B-C34714E335EC}.Debug|Any CPU.Build.0 = Debug|Any CPU
		{BD569579-6AEE-4197-408B-C34714E335EC}.Release|Any CPU.ActiveCfg = Release|Any CPU
		{BD569579-6AEE-4197-408B-C34714E335EC}.Release|Any CPU.Build.0 = Release|Any CPU
		{CF5D11FE-8754-5CA1-8866-84B3D0C9F440}.Debug|Any CPU.ActiveCfg = Debug|Any CPU
		{CF5D11FE-8754-5CA1-8866-84B3D0C9F440}.Debug|Any CPU.Build.0 = Debug|Any CPU
		{CF5D11FE-8754-5CA1-8866-84B3D0C9F440}.Release|Any CPU.ActiveCfg = Release|Any CPU
		{CF5D11FE-8754-5CA1-8866-84B3D0C9F440}.Release|Any CPU.Build.0 = Release|Any CPU
		{639DE6AB-AA53-AD33-4F4B-75E68076D331}.Debug|Any CPU.ActiveCfg = Debug|Any CPU
		{639DE6AB-AA53-AD33-4F4B-75E68076D331}.Debug|Any CPU.Build.0 = Debug|Any CPU
		{639DE6AB-AA53-AD33-4F4B-75E68076D331}.Release|Any CPU.ActiveCfg = Release|Any CPU
		{639DE6AB-AA53-AD33-4F4B-75E68076D331}.Release|Any CPU.Build.0 = Release|Any CPU
		{3A22AAFC-D314-68AF-CF4E-77756B6416B4}.Debug|Any CPU.ActiveCfg = Debug|Any CPU
		{3A22AAFC-D314-68AF-CF4E-77756B6416B4}.Debug|Any CPU.Build.0 = Debug|Any CPU
		{3A22AAFC-D314-68AF-CF4E-77756B6416B4}.Release|Any CPU.ActiveCfg = Release|Any CPU
		{3A22AAFC-D314-68AF-CF4E-77756B6416B4}.Release|Any CPU.Build.0 = Release|Any CPU
		{40878B47-5C20-E4E5-726F-1677688BB29D}.Debug|Any CPU.ActiveCfg = Debug|Any CPU
		{40878B47-5C20-E4E5-726F-1677688BB29D}.Debug|Any CPU.Build.0 = Debug|Any CPU
		{40878B47-5C20-E4E5-726F-1677688BB29D}.Release|Any CPU.ActiveCfg = Release|Any CPU
		{40878B47-5C20-E4E5-726F-1677688BB29D}.Release|Any CPU.Build.0 = Release|Any CPU
		{D86521F1-6840-33E4-40DB-29819F943782}.Debug|Any CPU.ActiveCfg = Debug|Any CPU
		{D86521F1-6840-33E4-40DB-29819F943782}.Debug|Any CPU.Build.0 = Debug|Any CPU
		{D86521F1-6840-33E4-40DB-29819F943782}.Release|Any CPU.ActiveCfg = Release|Any CPU
		{D86521F1-6840-33E4-40DB-29819F943782}.Release|Any CPU.Build.0 = Release|Any CPU
		{8EB00872-835F-DEB0-430B-1395232EDFE3}.Debug|Any CPU.ActiveCfg = Debug|Any CPU
		{8EB00872-835F-DEB0-430B-1395232EDFE3}.Debug|Any CPU.Build.0 = Debug|Any CPU
		{8EB00872-835F-DEB0-430B-1395232EDFE3}.Release|Any CPU.ActiveCfg = Release|Any CPU
		{8EB00872-835F-DEB0-430B-1395232EDFE3}.Release|Any CPU.Build.0 = Release|Any CPU
		{3765A81F-8D7F-B3E3-F028-938B31D9F96D}.Debug|Any CPU.ActiveCfg = Debug|Any CPU
		{3765A81F-8D7F-B3E3-F028-938B31D9F96D}.Debug|Any CPU.Build.0 = Debug|Any CPU
		{3765A81F-8D7F-B3E3-F028-938B31D9F96D}.Release|Any CPU.ActiveCfg = Release|Any CPU
		{3765A81F-8D7F-B3E3-F028-938B31D9F96D}.Release|Any CPU.Build.0 = Release|Any CPU
		{CC34A88E-1301-942F-6779-435FF26FAA2C}.Debug|Any CPU.ActiveCfg = Debug|Any CPU
		{CC34A88E-1301-942F-6779-435FF26FAA2C}.Debug|Any CPU.Build.0 = Debug|Any CPU
		{CC34A88E-1301-942F-6779-435FF26FAA2C}.Release|Any CPU.ActiveCfg = Release|Any CPU
		{CC34A88E-1301-942F-6779-435FF26FAA2C}.Release|Any CPU.Build.0 = Release|Any CPU
		{0DB7A0CE-ACB6-DEDE-CDB6-28C47BD321B3}.Debug|Any CPU.ActiveCfg = Debug|Any CPU
		{0DB7A0CE-ACB6-DEDE-CDB6-28C47BD321B3}.Debug|Any CPU.Build.0 = Debug|Any CPU
		{0DB7A0CE-ACB6-DEDE-CDB6-28C47BD321B3}.Release|Any CPU.ActiveCfg = Release|Any CPU
		{0DB7A0CE-ACB6-DEDE-CDB6-28C47BD321B3}.Release|Any CPU.Build.0 = Release|Any CPU
		{C6ACA21C-BA2C-E4EB-5576-98477033CC8D}.Debug|Any CPU.ActiveCfg = Debug|Any CPU
		{C6ACA21C-BA2C-E4EB-5576-98477033CC8D}.Debug|Any CPU.Build.0 = Debug|Any CPU
		{C6ACA21C-BA2C-E4EB-5576-98477033CC8D}.Release|Any CPU.ActiveCfg = Release|Any CPU
		{C6ACA21C-BA2C-E4EB-5576-98477033CC8D}.Release|Any CPU.Build.0 = Release|Any CPU
		{BD5D493F-50A8-1034-0FE2-0C71AC745EB5}.Debug|Any CPU.ActiveCfg = Debug|Any CPU
		{BD5D493F-50A8-1034-0FE2-0C71AC745EB5}.Debug|Any CPU.Build.0 = Debug|Any CPU
		{BD5D493F-50A8-1034-0FE2-0C71AC745EB5}.Release|Any CPU.ActiveCfg = Release|Any CPU
		{BD5D493F-50A8-1034-0FE2-0C71AC745EB5}.Release|Any CPU.Build.0 = Release|Any CPU
		{87ECDF48-028A-A38F-151C-E8FB351D91E6}.Debug|Any CPU.ActiveCfg = Debug|Any CPU
		{87ECDF48-028A-A38F-151C-E8FB351D91E6}.Debug|Any CPU.Build.0 = Debug|Any CPU
		{87ECDF48-028A-A38F-151C-E8FB351D91E6}.Release|Any CPU.ActiveCfg = Release|Any CPU
		{87ECDF48-028A-A38F-151C-E8FB351D91E6}.Release|Any CPU.Build.0 = Release|Any CPU
		{D553B99F-B063-9745-318E-091151F01CFB}.Debug|Any CPU.ActiveCfg = Debug|Any CPU
		{D553B99F-B063-9745-318E-091151F01CFB}.Debug|Any CPU.Build.0 = Debug|Any CPU
		{D553B99F-B063-9745-318E-091151F01CFB}.Release|Any CPU.ActiveCfg = Release|Any CPU
		{D553B99F-B063-9745-318E-091151F01CFB}.Release|Any CPU.Build.0 = Release|Any CPU
		{26C26C6E-645E-31BC-4BC5-44D065C9A566}.Debug|Any CPU.ActiveCfg = Debug|Any CPU
		{26C26C6E-645E-31BC-4BC5-44D065C9A566}.Debug|Any CPU.Build.0 = Debug|Any CPU
		{26C26C6E-645E-31BC-4BC5-44D065C9A566}.Release|Any CPU.ActiveCfg = Release|Any CPU
		{26C26C6E-645E-31BC-4BC5-44D065C9A566}.Release|Any CPU.Build.0 = Release|Any CPU
		{3682EC0D-28B5-BDB1-7539-20B80EE5211D}.Debug|Any CPU.ActiveCfg = Debug|Any CPU
		{3682EC0D-28B5-BDB1-7539-20B80EE5211D}.Debug|Any CPU.Build.0 = Debug|Any CPU
		{3682EC0D-28B5-BDB1-7539-20B80EE5211D}.Release|Any CPU.ActiveCfg = Release|Any CPU
		{3682EC0D-28B5-BDB1-7539-20B80EE5211D}.Release|Any CPU.Build.0 = Release|Any CPU
		{08745D3B-050F-F8CC-D9AA-76111DA6C047}.Debug|Any CPU.ActiveCfg = Debug|Any CPU
		{08745D3B-050F-F8CC-D9AA-76111DA6C047}.Debug|Any CPU.Build.0 = Debug|Any CPU
		{08745D3B-050F-F8CC-D9AA-76111DA6C047}.Release|Any CPU.ActiveCfg = Release|Any CPU
		{08745D3B-050F-F8CC-D9AA-76111DA6C047}.Release|Any CPU.Build.0 = Release|Any CPU
		{900FC231-C9BD-ADA6-4EC9-25BE1C02F0AA}.Debug|Any CPU.ActiveCfg = Debug|Any CPU
		{900FC231-C9BD-ADA6-4EC9-25BE1C02F0AA}.Debug|Any CPU.Build.0 = Debug|Any CPU
		{900FC231-C9BD-ADA6-4EC9-25BE1C02F0AA}.Release|Any CPU.ActiveCfg = Release|Any CPU
		{900FC231-C9BD-ADA6-4EC9-25BE1C02F0AA}.Release|Any CPU.Build.0 = Release|Any CPU
		{726983BF-5CCD-27ED-346E-ADAF146A8915}.Debug|Any CPU.ActiveCfg = Debug|Any CPU
		{726983BF-5CCD-27ED-346E-ADAF146A8915}.Debug|Any CPU.Build.0 = Debug|Any CPU
		{726983BF-5CCD-27ED-346E-ADAF146A8915}.Release|Any CPU.ActiveCfg = Release|Any CPU
		{726983BF-5CCD-27ED-346E-ADAF146A8915}.Release|Any CPU.Build.0 = Release|Any CPU
		{2E4BCE95-9EB6-3B5D-54EE-402390F2BB4E}.Debug|Any CPU.ActiveCfg = Debug|Any CPU
		{2E4BCE95-9EB6-3B5D-54EE-402390F2BB4E}.Debug|Any CPU.Build.0 = Debug|Any CPU
		{2E4BCE95-9EB6-3B5D-54EE-402390F2BB4E}.Release|Any CPU.ActiveCfg = Release|Any CPU
		{2E4BCE95-9EB6-3B5D-54EE-402390F2BB4E}.Release|Any CPU.Build.0 = Release|Any CPU
		{BFE9872E-A490-0A36-75DA-DB5A7D61047C}.Debug|Any CPU.ActiveCfg = Debug|Any CPU
		{BFE9872E-A490-0A36-75DA-DB5A7D61047C}.Debug|Any CPU.Build.0 = Debug|Any CPU
		{BFE9872E-A490-0A36-75DA-DB5A7D61047C}.Release|Any CPU.ActiveCfg = Release|Any CPU
		{BFE9872E-A490-0A36-75DA-DB5A7D61047C}.Release|Any CPU.Build.0 = Release|Any CPU
		{A06AC395-5633-13C6-9D7B-66CF6E49391B}.Debug|Any CPU.ActiveCfg = Debug|Any CPU
		{A06AC395-5633-13C6-9D7B-66CF6E49391B}.Debug|Any CPU.Build.0 = Debug|Any CPU
		{A06AC395-5633-13C6-9D7B-66CF6E49391B}.Release|Any CPU.ActiveCfg = Release|Any CPU
		{A06AC395-5633-13C6-9D7B-66CF6E49391B}.Release|Any CPU.Build.0 = Release|Any CPU
		{75154EEC-EDFD-BC8D-4096-343124D2F71E}.Debug|Any CPU.ActiveCfg = Debug|Any CPU
		{75154EEC-EDFD-BC8D-4096-343124D2F71E}.Debug|Any CPU.Build.0 = Debug|Any CPU
		{75154EEC-EDFD-BC8D-4096-343124D2F71E}.Release|Any CPU.ActiveCfg = Release|Any CPU
		{75154EEC-EDFD-BC8D-4096-343124D2F71E}.Release|Any CPU.Build.0 = Release|Any CPU
		{D271D8B7-BFDB-9082-B447-E49FA6BC3C49}.Debug|Any CPU.ActiveCfg = Debug|Any CPU
		{D271D8B7-BFDB-9082-B447-E49FA6BC3C49}.Debug|Any CPU.Build.0 = Debug|Any CPU
		{D271D8B7-BFDB-9082-B447-E49FA6BC3C49}.Release|Any CPU.ActiveCfg = Release|Any CPU
		{D271D8B7-BFDB-9082-B447-E49FA6BC3C49}.Release|Any CPU.Build.0 = Release|Any CPU
		{C21E6B3C-786F-8045-EF63-50801AE0B74B}.Debug|Any CPU.ActiveCfg = Debug|Any CPU
		{C21E6B3C-786F-8045-EF63-50801AE0B74B}.Debug|Any CPU.Build.0 = Debug|Any CPU
		{C21E6B3C-786F-8045-EF63-50801AE0B74B}.Release|Any CPU.ActiveCfg = Release|Any CPU
		{C21E6B3C-786F-8045-EF63-50801AE0B74B}.Release|Any CPU.Build.0 = Release|Any CPU
		{A1BD2DE6-1176-A6B0-3AD6-69E9A22C23D2}.Debug|Any CPU.ActiveCfg = Debug|Any CPU
		{A1BD2DE6-1176-A6B0-3AD6-69E9A22C23D2}.Debug|Any CPU.Build.0 = Debug|Any CPU
		{A1BD2DE6-1176-A6B0-3AD6-69E9A22C23D2}.Release|Any CPU.ActiveCfg = Release|Any CPU
		{A1BD2DE6-1176-A6B0-3AD6-69E9A22C23D2}.Release|Any CPU.Build.0 = Release|Any CPU
		{AF2BE116-5434-BB37-8CBC-1C646263B486}.Debug|Any CPU.ActiveCfg = Debug|Any CPU
		{AF2BE116-5434-BB37-8CBC-1C646263B486}.Debug|Any CPU.Build.0 = Debug|Any CPU
		{AF2BE116-5434-BB37-8CBC-1C646263B486}.Release|Any CPU.ActiveCfg = Release|Any CPU
		{AF2BE116-5434-BB37-8CBC-1C646263B486}.Release|Any CPU.Build.0 = Release|Any CPU
		{F1D46D90-682F-988A-DD32-A4A176D0E1A9}.Debug|Any CPU.ActiveCfg = Debug|Any CPU
		{F1D46D90-682F-988A-DD32-A4A176D0E1A9}.Debug|Any CPU.Build.0 = Debug|Any CPU
		{F1D46D90-682F-988A-DD32-A4A176D0E1A9}.Release|Any CPU.ActiveCfg = Release|Any CPU
		{F1D46D90-682F-988A-DD32-A4A176D0E1A9}.Release|Any CPU.Build.0 = Release|Any CPU
		{78BA59B0-2FCE-CB88-B3D0-B9F1EBFB8356}.Debug|Any CPU.ActiveCfg = Debug|Any CPU
		{78BA59B0-2FCE-CB88-B3D0-B9F1EBFB8356}.Debug|Any CPU.Build.0 = Debug|Any CPU
		{78BA59B0-2FCE-CB88-B3D0-B9F1EBFB8356}.Release|Any CPU.ActiveCfg = Release|Any CPU
		{78BA59B0-2FCE-CB88-B3D0-B9F1EBFB8356}.Release|Any CPU.Build.0 = Release|Any CPU
		{C1729485-7157-0BC1-4569-0A0647AD0F90}.Debug|Any CPU.ActiveCfg = Debug|Any CPU
		{C1729485-7157-0BC1-4569-0A0647AD0F90}.Debug|Any CPU.Build.0 = Debug|Any CPU
		{C1729485-7157-0BC1-4569-0A0647AD0F90}.Release|Any CPU.ActiveCfg = Release|Any CPU
		{C1729485-7157-0BC1-4569-0A0647AD0F90}.Release|Any CPU.Build.0 = Release|Any CPU
	EndGlobalSection
	GlobalSection(SolutionProperties) = preSolution
		HideSolutionNode = FALSE
	EndGlobalSection
EndGlobal
